// !$*UTF8*$!
{
	archiveVersion = 1;
	classes = {
	};
	objectVersion = 46;
	objects = {

/* Begin PBXBuildFile section */
		642CDBD81CC913220072364A /* AppDelegate.swift in Sources */ = {isa = PBXBuildFile; fileRef = 642CDBD71CC913220072364A /* AppDelegate.swift */; };
		642CDBDA1CC913220072364A /* ViewController.swift in Sources */ = {isa = PBXBuildFile; fileRef = 642CDBD91CC913220072364A /* ViewController.swift */; };
		642CDBDD1CC913220072364A /* Main.storyboard in Resources */ = {isa = PBXBuildFile; fileRef = 642CDBDB1CC913220072364A /* Main.storyboard */; };
		642CDBDF1CC913220072364A /* Assets.xcassets in Resources */ = {isa = PBXBuildFile; fileRef = 642CDBDE1CC913220072364A /* Assets.xcassets */; };
		642CDBE21CC913220072364A /* LaunchScreen.storyboard in Resources */ = {isa = PBXBuildFile; fileRef = 642CDBE01CC913220072364A /* LaunchScreen.storyboard */; };
		64D353591CE1F63D00DF8C6D /* CalculatorBrain.swift in Sources */ = {isa = PBXBuildFile; fileRef = 64D353581CE1F63D00DF8C6D /* CalculatorBrain.swift */; };
/* End PBXBuildFile section */

/* Begin PBXFileReference section */
		642CDBD41CC913220072364A /* Calculator.app */ = {isa = PBXFileReference; explicitFileType = wrapper.application; includeInIndex = 0; path = Calculator.app; sourceTree = BUILT_PRODUCTS_DIR; };
		642CDBD71CC913220072364A /* AppDelegate.swift */ = {isa = PBXFileReference; lastKnownFileType = sourcecode.swift; path = AppDelegate.swift; sourceTree = "<group>"; };
		642CDBD91CC913220072364A /* ViewController.swift */ = {isa = PBXFileReference; lastKnownFileType = sourcecode.swift; path = ViewController.swift; sourceTree = "<group>"; };
		642CDBDC1CC913220072364A /* Base */ = {isa = PBXFileReference; lastKnownFileType = file.storyboard; name = Base; path = Base.lproj/Main.storyboard; sourceTree = "<group>"; };
		642CDBDE1CC913220072364A /* Assets.xcassets */ = {isa = PBXFileReference; lastKnownFileType = folder.assetcatalog; path = Assets.xcassets; sourceTree = "<group>"; };
		642CDBE11CC913220072364A /* Base */ = {isa = PBXFileReference; lastKnownFileType = file.storyboard; name = Base; path = Base.lproj/LaunchScreen.storyboard; sourceTree = "<group>"; };
		642CDBE31CC913220072364A /* Info.plist */ = {isa = PBXFileReference; lastKnownFileType = text.plist.xml; path = Info.plist; sourceTree = "<group>"; };
		64D353581CE1F63D00DF8C6D /* CalculatorBrain.swift */ = {isa = PBXFileReference; fileEncoding = 4; lastKnownFileType = sourcecode.swift; path = CalculatorBrain.swift; sourceTree = "<group>"; };
/* End PBXFileReference section */

/* Begin PBXFrameworksBuildPhase section */
		642CDBD11CC913210072364A /* Frameworks */ = {
			isa = PBXFrameworksBuildPhase;
			buildActionMask = 2147483647;
			files = (
			);
			runOnlyForDeploymentPostprocessing = 0;
		};
/* End PBXFrameworksBuildPhase section */

/* Begin PBXGroup section */
		642CDBCB1CC913210072364A = {
			isa = PBXGroup;
			children = (
				642CDBD61CC913220072364A /* Calculator */,
				642CDBD51CC913220072364A /* Products */,
			);
			sourceTree = "<group>";
		};
		642CDBD51CC913220072364A /* Products */ = {
			isa = PBXGroup;
			children = (
				642CDBD41CC913220072364A /* Calculator.app */,
			);
			name = Products;
			sourceTree = "<group>";
		};
		642CDBD61CC913220072364A /* Calculator */ = {
			isa = PBXGroup;
			children = (
				642CDBD91CC913220072364A /* ViewController.swift */,
				642CDBDB1CC913220072364A /* Main.storyboard */,
				64D353581CE1F63D00DF8C6D /* CalculatorBrain.swift */,
				642CDBE91CC914B90072364A /* Supporting Files */,
			);
			path = Calculator;
			sourceTree = "<group>";
		};
		642CDBE91CC914B90072364A /* Supporting Files */ = {
			isa = PBXGroup;
			children = (
				642CDBD71CC913220072364A /* AppDelegate.swift */,
				642CDBDE1CC913220072364A /* Assets.xcassets */,
				642CDBE01CC913220072364A /* LaunchScreen.storyboard */,
				642CDBE31CC913220072364A /* Info.plist */,
			);
			name = "Supporting Files";
			sourceTree = "<group>";
		};
/* End PBXGroup section */

/* Begin PBXNativeTarget section */
		642CDBD31CC913210072364A /* Calculator */ = {
			isa = PBXNativeTarget;
			buildConfigurationList = 642CDBE61CC913220072364A /* Build configuration list for PBXNativeTarget "Calculator" */;
			buildPhases = (
				642CDBD01CC913210072364A /* Sources */,
				642CDBD11CC913210072364A /* Frameworks */,
				642CDBD21CC913210072364A /* Resources */,
			);
			buildRules = (
			);
			dependencies = (
			);
			name = Calculator;
			productName = Calculator;
			productReference = 642CDBD41CC913220072364A /* Calculator.app */;
			productType = "com.apple.product-type.application";
		};
/* End PBXNativeTarget section */

/* Begin PBXProject section */
		642CDBCC1CC913210072364A /* Project object */ = {
			isa = PBXProject;
			attributes = {
				LastSwiftUpdateCheck = 0730;
				LastUpgradeCheck = 0730;
				ORGANIZATIONNAME = "Prayudi Satriyo Nugroho";
				TargetAttributes = {
					642CDBD31CC913210072364A = {
						CreatedOnToolsVersion = 7.3;
						DevelopmentTeam = DD795TKT4Y;
					};
				};
			};
			buildConfigurationList = 642CDBCF1CC913210072364A /* Build configuration list for PBXProject "Calculator" */;
			compatibilityVersion = "Xcode 3.2";
			developmentRegion = English;
			hasScannedForEncodings = 0;
			knownRegions = (
				en,
				Base,
			);
			mainGroup = 642CDBCB1CC913210072364A;
			productRefGroup = 642CDBD51CC913220072364A /* Products */;
			projectDirPath = "";
			projectRoot = "";
			targets = (
				642CDBD31CC913210072364A /* Calculator */,
			);
		};
/* End PBXProject section */

/* Begin PBXResourcesBuildPhase section */
		642CDBD21CC913210072364A /* Resources */ = {
			isa = PBXResourcesBuildPhase;
			buildActionMask = 2147483647;
			files = (
				642CDBE21CC913220072364A /* LaunchScreen.storyboard in Resources */,
				642CDBDF1CC913220072364A /* Assets.xcassets in Resources */,
				642CDBDD1CC913220072364A /* Main.storyboard in Resources */,
			);
			runOnlyForDeploymentPostprocessing = 0;
		};
/* End PBXResourcesBuildPhase section */

/* Begin PBXSourcesBuildPhase section */
		642CDBD01CC913210072364A /* Sources */ = {
			isa = PBXSourcesBuildPhase;
			buildActionMask = 2147483647;
			files = (
				64D353591CE1F63D00DF8C6D /* CalculatorBrain.swift in Sources */,
				642CDBDA1CC913220072364A /* ViewController.swift in Sources */,
				642CDBD81CC913220072364A /* AppDelegate.swift in Sources */,
			);
			runOnlyForDeploymentPostprocessing = 0;
		};
/* End PBXSourcesBuildPhase section */

/* Begin PBXVariantGroup section */
		642CDBDB1CC913220072364A /* Main.storyboard */ = {
			isa = PBXVariantGroup;
			children = (
				642CDBDC1CC913220072364A /* Base */,
			);
			name = Main.storyboard;
			sourceTree = "<group>";
		};
		642CDBE01CC913220072364A /* LaunchScreen.storyboard */ = {
			isa = PBXVariantGroup;
			children = (
				642CDBE11CC913220072364A /* Base */,
			);
			name = LaunchScreen.storyboard;
			sourceTree = "<group>";
		};
/* End PBXVariantGroup section */

/* Begin XCBuildConfiguration section */
		642CDBE41CC913220072364A /* Debug */ = {
			isa = XCBuildConfiguration;
			buildSettings = {
				ALWAYS_SEARCH_USER_PATHS = NO;
				CLANG_ANALYZER_NONNULL = YES;
				CLANG_CXX_LANGUAGE_STANDARD = "gnu++0x";
				CLANG_CXX_LIBRARY = "libc++";
				CLANG_ENABLE_MODULES = YES;
				CLANG_ENABLE_OBJC_ARC = YES;
				CLANG_WARN_BOOL_CONVERSION = YES;
				CLANG_WARN_CONSTANT_CONVERSION = YES;
				CLANG_WARN_DIRECT_OBJC_ISA_USAGE = YES_ERROR;
				CLANG_WARN_EMPTY_BODY = YES;
				CLANG_WARN_ENUM_CONVERSION = YES;
				CLANG_WARN_INT_CONVERSION = YES;
				CLANG_WARN_OBJC_ROOT_CLASS = YES_ERROR;
				CLANG_WARN_UNREACHABLE_CODE = YES;
				CLANG_WARN__DUPLICATE_METHOD_MATCH = YES;
				"CODE_SIGN_IDENTITY[sdk=iphoneos*]" = "iPhone Developer";
				COPY_PHASE_STRIP = NO;
				DEBUG_INFORMATION_FORMAT = dwarf;
				ENABLE_STRICT_OBJC_MSGSEND = YES;
				ENABLE_TESTABILITY = YES;
				GCC_C_LANGUAGE_STANDARD = gnu99;
				GCC_DYNAMIC_NO_PIC = NO;
				GCC_NO_COMMON_BLOCKS = YES;
				GCC_OPTIMIZATION_LEVEL = 0;
				GCC_PREPROCESSOR_DEFINITIONS = (
					"DEBUG=1",
					"$(inherited)",
				);
				GCC_WARN_64_TO_32_BIT_CONVERSION = YES;
				GCC_WARN_ABOUT_RETURN_TYPE = YES_ERROR;
				GCC_WARN_UNDECLARED_SELECTOR = YES;
				GCC_WARN_UNINITIALIZED_AUTOS = YES_AGGRESSIVE;
				GCC_WARN_UNUSED_FUNCTION = YES;
				GCC_WARN_UNUSED_VARIABLE = YES;
				IPHONEOS_DEPLOYMENT_TARGET = 9.3;
				MTL_ENABLE_DEBUG_INFO = YES;
				ONLY_ACTIVE_ARCH = YES;
				SDKROOT = iphoneos;
				SWIFT_OPTIMIZATION_LEVEL = "-Onone";
				TARGETED_DEVICE_FAMILY = "1,2";
			};
			name = Debug;
		};
		642CDBE51CC913220072364A /* Release */ = {
			isa = XCBuildConfiguration;
			buildSettings = {
				ALWAYS_SEARCH_USER_PATHS = NO;
				CLANG_ANALYZER_NONNULL = YES;
				CLANG_CXX_LANGUAGE_STANDARD = "gnu++0x";
				CLANG_CXX_LIBRARY = "libc++";
				CLANG_ENABLE_MODULES = YES;
				CLANG_ENABLE_OBJC_ARC = YES;
				CLANG_WARN_BOOL_CONVERSION = YES;
				CLANG_WARN_CONSTANT_CONVERSION = YES;
				CLANG_WARN_DIRECT_OBJC_ISA_USAGE = YES_ERROR;
				CLANG_WARN_EMPTY_BODY = YES;
				CLANG_WARN_ENUM_CONVERSION = YES;
				CLANG_WARN_INT_CONVERSION = YES;
				CLANG_WARN_OBJC_ROOT_CLASS = YES_ERROR;
				CLANG_WARN_UNREACHABLE_CODE = YES;
				CLANG_WARN__DUPLICATE_METHOD_MATCH = YES;
				"CODE_SIGN_IDENTITY[sdk=iphoneos*]" = "iPhone Developer";
				COPY_PHASE_STRIP = NO;
				DEBUG_INFORMATION_FORMAT = "dwarf-with-dsym";
				ENABLE_NS_ASSERTIONS = NO;
				ENABLE_STRICT_OBJC_MSGSEND = YES;
				GCC_C_LANGUAGE_STANDARD = gnu99;
				GCC_NO_COMMON_BLOCKS = YES;
				GCC_WARN_64_TO_32_BIT_CONVERSION = YES;
				GCC_WARN_ABOUT_RETURN_TYPE = YES_ERROR;
				GCC_WARN_UNDECLARED_SELECTOR = YES;
				GCC_WARN_UNINITIALIZED_AUTOS = YES_AGGRESSIVE;
				GCC_WARN_UNUSED_FUNCTION = YES;
				GCC_WARN_UNUSED_VARIABLE = YES;
				IPHONEOS_DEPLOYMENT_TARGET = 9.3;
				MTL_ENABLE_DEBUG_INFO = NO;
				SDKROOT = iphoneos;
				TARGETED_DEVICE_FAMILY = "1,2";
				VALIDATE_PRODUCT = YES;
			};
			name = Release;
		};
		642CDBE71CC913220072364A /* Debug */ = {
			isa = XCBuildConfiguration;
			buildSettings = {
				ASSETCATALOG_COMPILER_APPICON_NAME = AppIcon;
				CODE_SIGN_IDENTITY = "iPhone Developer";
				"CODE_SIGN_IDENTITY[sdk=iphoneos*]" = "iPhone Developer";
				INFOPLIST_FILE = Calculator/Info.plist;
				LD_RUNPATH_SEARCH_PATHS = "$(inherited) @executable_path/Frameworks";
				PRODUCT_BUNDLE_IDENTIFIER = com.prayudisatriyo.Calculator;
				PRODUCT_NAME = "$(TARGET_NAME)";
				PROVISIONING_PROFILE = "";
			};
			name = Debug;
		};
		642CDBE81CC913220072364A /* Release */ = {
			isa = XCBuildConfiguration;
			buildSettings = {
				ASSETCATALOG_COMPILER_APPICON_NAME = AppIcon;
				CODE_SIGN_IDENTITY = "iPhone Developer";
				"CODE_SIGN_IDENTITY[sdk=iphoneos*]" = "iPhone Developer";
				INFOPLIST_FILE = Calculator/Info.plist;
				LD_RUNPATH_SEARCH_PATHS = "$(inherited) @executable_path/Frameworks";
				PRODUCT_BUNDLE_IDENTIFIER = com.prayudisatriyo.Calculator;
				PRODUCT_NAME = "$(TARGET_NAME)";
				PROVISIONING_PROFILE = "";
			};
			name = Release;
		};
/* End XCBuildConfiguration section */

/* Begin XCConfigurationList section */
		642CDBCF1CC913210072364A /* Build configuration list for PBXProject "Calculator" */ = {
			isa = XCConfigurationList;
			buildConfigurations = (
				642CDBE41CC913220072364A /* Debug */,
				642CDBE51CC913220072364A /* Release */,
			);
			defaultConfigurationIsVisible = 0;
			defaultConfigurationName = Release;
		};
		642CDBE61CC913220072364A /* Build configuration list for PBXNativeTarget "Calculator" */ = {
			isa = XCConfigurationList;
			buildConfigurations = (
				642CDBE71CC913220072364A /* Debug */,
				642CDBE81CC913220072364A /* Release */,
			);
			defaultConfigurationIsVisible = 0;
			defaultConfigurationName = Release;
		};
/* End XCConfigurationList section */
	};
	rootObject = 642CDBCC1CC913210072364A /* Project object */;
}
